Microsoft Visual Studio Solution File, Format Version 12.00
# Visual Studio 15
VisualStudioVersion = 15.0.26228.9
MinimumVisualStudioVersion = 15.0.26124.0
Project("{2150E333-8FDC-42A3-9474-1A3956D46DE8}") = "tests", "tests", "{6E3E7B02-02D2-4152-866B-31FE26B55A19}"
EndProject
Project("{9A19103F-16F7-4668-BE54-9A1E7A4F7556}") = "KSS.Tests", "tests\KSS.Tests\KSS.Tests.csproj", "{E79FB266-FA1F-4184-AB1F-E41450EB94EB}"
EndProject
Project("{2150E333-8FDC-42A3-9474-1A3956D46DE8}") = "src", "src", "{783BAEA7-64DE-497A-B92C-CD860705938F}"
EndProject
Project("{FAE04EC0-301F-11D3-BF4B-00C04F79EFBC}") = "KSS", "src\KSS\KSS.csproj", "{E072193E-5445-4E1C-B908-1EEF48700B8B}"
EndProject
Project("{FAE04EC0-301F-11D3-BF4B-00C04F79EFBC}") = "KSS.Cli", "src\KSS.Cli\KSS.Cli.csproj", "{3DAC0DC7-42E5-47F1-B974-16AA38061D55}"
EndProject
Global
	GlobalSection(SolutionConfigurationPlatforms) = preSolution
		Debug|Any CPU = Debug|Any CPU
		Debug|x64 = Debug|x64
		Debug|x86 = Debug|x86
		Release|Any CPU = Release|Any CPU
		Release|x64 = Release|x64
		Release|x86 = Release|x86
	EndGlobalSection
	GlobalSection(ProjectConfigurationPlatforms) = postSolution
		{E79FB266-FA1F-4184-AB1F-E41450EB94EB}.Debug|Any CPU.ActiveCfg = Debug|Any CPU
		{E79FB266-FA1F-4184-AB1F-E41450EB94EB}.Debug|Any CPU.Build.0 = Debug|Any CPU
		{E79FB266-FA1F-4184-AB1F-E41450EB94EB}.Debug|x64.ActiveCfg = Debug|Any CPU
		{E79FB266-FA1F-4184-AB1F-E41450EB94EB}.Debug|x64.Build.0 = Debug|Any CPU
		{E79FB266-FA1F-4184-AB1F-E41450EB94EB}.Debug|x86.ActiveCfg = Debug|Any CPU
		{E79FB266-FA1F-4184-AB1F-E41450EB94EB}.Debug|x86.Build.0 = Debug|Any CPU
		{E79FB266-FA1F-4184-AB1F-E41450EB94EB}.Release|Any CPU.ActiveCfg = Release|Any CPU
		{E79FB266-FA1F-4184-AB1F-E41450EB94EB}.Release|Any CPU.Build.0 = Release|Any CPU
		{E79FB266-FA1F-4184-AB1F-E41450EB94EB}.Release|x64.ActiveCfg = Release|Any CPU
		{E79FB266-FA1F-4184-AB1F-E41450EB94EB}.Release|x64.Build.0 = Release|Any CPU
		{E79FB266-FA1F-4184-AB1F-E41450EB94EB}.Release|x86.ActiveCfg = Release|Any CPU
		{E79FB266-FA1F-4184-AB1F-E41450EB94EB}.Release|x86.Build.0 = Release|Any CPU
		{E072193E-5445-4E1C-B908-1EEF48700B8B}.Debug|Any CPU.ActiveCfg = Debug|Any CPU
		{E072193E-5445-4E1C-B908-1EEF48700B8B}.Debug|Any CPU.Build.0 = Debug|Any CPU
		{E072193E-5445-4E1C-B908-1EEF48700B8B}.Debug|x64.ActiveCfg = Debug|Any CPU
		{E072193E-5445-4E1C-B908-1EEF48700B8B}.Debug|x64.Build.0 = Debug|Any CPU
		{E072193E-5445-4E1C-B908-1EEF48700B8B}.Debug|x86.ActiveCfg = Debug|Any CPU
		{E072193E-5445-4E1C-B908-1EEF48700B8B}.Debug|x86.Build.0 = Debug|Any CPU
		{E072193E-5445-4E1C-B908-1EEF48700B8B}.Release|Any CPU.ActiveCfg = Release|Any CPU
		{E072193E-5445-4E1C-B908-1EEF48700B8B}.Release|Any CPU.Build.0 = Release|Any CPU
		{E072193E-5445-4E1C-B908-1EEF48700B8B}.Release|x64.ActiveCfg = Release|Any CPU
		{E072193E-5445-4E1C-B908-1EEF48700B8B}.Release|x64.Build.0 = Release|Any CPU
		{E072193E-5445-4E1C-B908-1EEF48700B8B}.Release|x86.ActiveCfg = Release|Any CPU
		{E072193E-5445-4E1C-B908-1EEF48700B8B}.Release|x86.Build.0 = Release|Any CPU
		{3DAC0DC7-42E5-47F1-B974-16AA38061D55}.Debug|Any CPU.ActiveCfg = Debug|Any CPU
		{3DAC0DC7-42E5-47F1-B974-16AA38061D55}.Debug|Any CPU.Build.0 = Debug|Any CPU
		{3DAC0DC7-42E5-47F1-B974-16AA38061D55}.Debug|x64.ActiveCfg = Debug|Any CPU
		{3DAC0DC7-42E5-47F1-B974-16AA38061D55}.Debug|x64.Build.0 = Debug|Any CPU
		{3DAC0DC7-42E5-47F1-B974-16AA38061D55}.Debug|x86.ActiveCfg = Debug|Any CPU
		{3DAC0DC7-42E5-47F1-B974-16AA38061D55}.Debug|x86.Build.0 = Debug|Any CPU
		{3DAC0DC7-42E5-47F1-B974-16AA38061D55}.Release|Any CPU.ActiveCfg = Release|Any CPU
		{3DAC0DC7-42E5-47F1-B974-16AA38061D55}.Release|Any CPU.Build.0 = Release|Any CPU
		{3DAC0DC7-42E5-47F1-B974-16AA38061D55}.Release|x64.ActiveCfg = Release|Any CPU
		{3DAC0DC7-42E5-47F1-B974-16AA38061D55}.Release|x64.Build.0 = Release|Any CPU
		{3DAC0DC7-42E5-47F1-B974-16AA38061D55}.Release|x86.ActiveCfg = Release|Any CPU
		{3DAC0DC7-42E5-47F1-B974-16AA38061D55}.Release|x86.Build.0 = Release|Any CPU
	EndGlobalSection
	GlobalSection(SolutionProperties) = preSolution
		HideSolutionNode = FALSE
	EndGlobalSection
	GlobalSection(NestedProjects) = preSolution
		{E79FB266-FA1F-4184-AB1F-E41450EB94EB} = {6E3E7B02-02D2-4152-866B-31FE26B55A19}
		{E072193E-5445-4E1C-B908-1EEF48700B8B} = {783BAEA7-64DE-497A-B92C-CD860705938F}
		{3DAC0DC7-42E5-47F1-B974-16AA38061D55} = {783BAEA7-64DE-497A-B92C-CD860705938F}
	EndGlobalSection
EndGlobal
